
Microsoft Visual Studio Solution File, Format Version 12.00
# Visual Studio Version 16
VisualStudioVersion = 16.0.30907.101
MinimumVisualStudioVersion = 10.0.40219.1
Project("{9A19103F-16F7-4668-BE54-9A1E7A4F7556}") = "ExampleFromBookChapter03", "ExampleFromBook\ExampleFromBookChapter03.csproj", "{37A2E40B-D042-44F7-8DC6-E2F14413D5AC}"
EndProject
Project("{9A19103F-16F7-4668-BE54-9A1E7A4F7556}") = "Chapter04", "Chapter04\Chapter04.csproj", "{23679EBA-4200-4E8C-862A-DE23433A2FF1}"
EndProject
Project("{9A19103F-16F7-4668-BE54-9A1E7A4F7556}") = "Chapter05", "Chapter05\Chapter05.csproj", "{2B1C5268-E423-4BF9-8A98-98118C149BA7}"
EndProject
Project("{9A19103F-16F7-4668-BE54-9A1E7A4F7556}") = "Chapter06", "Chapter06\Chapter06.csproj", "{8EBFE9B4-ADFA-4ACC-B428-C8E4EE32E209}"
EndProject
Project("{9A19103F-16F7-4668-BE54-9A1E7A4F7556}") = "Chapter07", "Chapter07\Chapter07.csproj", "{F92A3C06-291C-4B63-B78F-308062939561}"
EndProject
Project("{9A19103F-16F7-4668-BE54-9A1E7A4F7556}") = "Chapter08", "Chapter08\Chapter08.csproj", "{9AA7655B-0A1E-4873-84C9-FF9553B8C08F}"
EndProject
Project("{9A19103F-16F7-4668-BE54-9A1E7A4F7556}") = "Chapter09", "Chapter09\Chapter09.csproj", "{3FDA2F94-E7ED-4354-BD0C-1F7E547ED573}"
EndProject
Project("{FAE04EC0-301F-11D3-BF4B-00C04F79EFBC}") = "Chapter10", "Chapter10\Chapter10.csproj", "{32004BF3-D6A1-4586-8E80-45D0DE4BF9E3}"
EndProject
Global
	GlobalSection(SolutionConfigurationPlatforms) = preSolution
		Debug|Any CPU = Debug|Any CPU
		Release|Any CPU = Release|Any CPU
	EndGlobalSection
	GlobalSection(ProjectConfigurationPlatforms) = postSolution
		{37A2E40B-D042-44F7-8DC6-E2F14413D5AC}.Debug|Any CPU.ActiveCfg = Debug|Any CPU
		{37A2E40B-D042-44F7-8DC6-E2F14413D5AC}.Debug|Any CPU.Build.0 = Debug|Any CPU
		{37A2E40B-D042-44F7-8DC6-E2F14413D5AC}.Release|Any CPU.ActiveCfg = Release|Any CPU
		{37A2E40B-D042-44F7-8DC6-E2F14413D5AC}.Release|Any CPU.Build.0 = Release|Any CPU
		{23679EBA-4200-4E8C-862A-DE23433A2FF1}.Debug|Any CPU.ActiveCfg = Debug|Any CPU
		{23679EBA-4200-4E8C-862A-DE23433A2FF1}.Debug|Any CPU.Build.0 = Debug|Any CPU
		{23679EBA-4200-4E8C-862A-DE23433A2FF1}.Release|Any CPU.ActiveCfg = Release|Any CPU
		{23679EBA-4200-4E8C-862A-DE23433A2FF1}.Release|Any CPU.Build.0 = Release|Any CPU
		{2B1C5268-E423-4BF9-8A98-98118C149BA7}.Debug|Any CPU.ActiveCfg = Debug|Any CPU
		{2B1C5268-E423-4BF9-8A98-98118C149BA7}.Debug|Any CPU.Build.0 = Debug|Any CPU
		{2B1C5268-E423-4BF9-8A98-98118C149BA7}.Release|Any CPU.ActiveCfg = Release|Any CPU
		{2B1C5268-E423-4BF9-8A98-98118C149BA7}.Release|Any CPU.Build.0 = Release|Any CPU
		{8EBFE9B4-ADFA-4ACC-B428-C8E4EE32E209}.Debug|Any CPU.ActiveCfg = Debug|Any CPU
		{8EBFE9B4-ADFA-4ACC-B428-C8E4EE32E209}.Debug|Any CPU.Build.0 = Debug|Any CPU
		{8EBFE9B4-ADFA-4ACC-B428-C8E4EE32E209}.Release|Any CPU.ActiveCfg = Release|Any CPU
		{8EBFE9B4-ADFA-4ACC-B428-C8E4EE32E209}.Release|Any CPU.Build.0 = Release|Any CPU
		{F92A3C06-291C-4B63-B78F-308062939561}.Debug|Any CPU.ActiveCfg = Debug|Any CPU
		{F92A3C06-291C-4B63-B78F-308062939561}.Debug|Any CPU.Build.0 = Debug|Any CPU
		{F92A3C06-291C-4B63-B78F-308062939561}.Release|Any CPU.ActiveCfg = Release|Any CPU
		{F92A3C06-291C-4B63-B78F-308062939561}.Release|Any CPU.Build.0 = Release|Any CPU
		{9AA7655B-0A1E-4873-84C9-FF9553B8C08F}.Debug|Any CPU.ActiveCfg = Debug|Any CPU
		{9AA7655B-0A1E-4873-84C9-FF9553B8C08F}.Debug|Any CPU.Build.0 = Debug|Any CPU
		{9AA7655B-0A1E-4873-84C9-FF9553B8C08F}.Release|Any CPU.ActiveCfg = Release|Any CPU
		{9AA7655B-0A1E-4873-84C9-FF9553B8C08F}.Release|Any CPU.Build.0 = Release|Any CPU
		{3FDA2F94-E7ED-4354-BD0C-1F7E547ED573}.Debug|Any CPU.ActiveCfg = Debug|Any CPU
		{3FDA2F94-E7ED-4354-BD0C-1F7E547ED573}.Debug|Any CPU.Build.0 = Debug|Any CPU
		{3FDA2F94-E7ED-4354-BD0C-1F7E547ED573}.Release|Any CPU.ActiveCfg = Release|Any CPU
		{3FDA2F94-E7ED-4354-BD0C-1F7E547ED573}.Release|Any CPU.Build.0 = Release|Any CPU
		{32004BF3-D6A1-4586-8E80-45D0DE4BF9E3}.Debug|Any CPU.ActiveCfg = Debug|Any CPU
		{32004BF3-D6A1-4586-8E80-45D0DE4BF9E3}.Debug|Any CPU.Build.0 = Debug|Any CPU
		{32004BF3-D6A1-4586-8E80-45D0DE4BF9E3}.Release|Any CPU.ActiveCfg = Release|Any CPU
		{32004BF3-D6A1-4586-8E80-45D0DE4BF9E3}.Release|Any CPU.Build.0 = Release|Any CPU
	EndGlobalSection
	GlobalSection(SolutionProperties) = preSolution
		HideSolutionNode = FALSE
	EndGlobalSection
	GlobalSection(ExtensibilityGlobals) = postSolution
		SolutionGuid = {71B0697F-A218-45E7-99ED-865D42A7EB3A}
	EndGlobalSection
EndGlobal
